// !$*UTF8*$!
{
	archiveVersion = 1;
	classes = {
	};
	objectVersion = 48;
	objects = {

/* Begin PBXBuildFile section */
		7194DDAB1FCD6DD30078F118 /* AppDelegate.swift in Sources */ = {isa = PBXBuildFile; fileRef = 7194DDAA1FCD6DD30078F118 /* AppDelegate.swift */; };
		7194DDAD1FCD6DD30078F118 /* ViewController.swift in Sources */ = {isa = PBXBuildFile; fileRef = 7194DDAC1FCD6DD30078F118 /* ViewController.swift */; };
		7194DDB01FCD6DD30078F118 /* Main.storyboard in Resources */ = {isa = PBXBuildFile; fileRef = 7194DDAE1FCD6DD30078F118 /* Main.storyboard */; };
		7194DDB21FCD6DD30078F118 /* Assets.xcassets in Resources */ = {isa = PBXBuildFile; fileRef = 7194DDB11FCD6DD30078F118 /* Assets.xcassets */; };
		7194DDB51FCD6DD30078F118 /* LaunchScreen.storyboard in Resources */ = {isa = PBXBuildFile; fileRef = 7194DDB31FCD6DD30078F118 /* LaunchScreen.storyboard */; };
		7194DDD61FCD74690078F118 /* ActionViewController.swift in Sources */ = {isa = PBXBuildFile; fileRef = 7194DDD51FCD74690078F118 /* ActionViewController.swift */; };
		7194DDD91FCD74690078F118 /* MainInterface.storyboard in Resources */ = {isa = PBXBuildFile; fileRef = 7194DDD71FCD74690078F118 /* MainInterface.storyboard */; };
		7194DDDD1FCD74690078F118 /* Kompare Action.appex in Embed App Extensions */ = {isa = PBXBuildFile; fileRef = 7194DDD31FCD74690078F118 /* Kompare Action.appex */; settings = {ATTRIBUTES = (RemoveHeadersOnCopy, ); }; };
		7194DDE21FCE63B00078F118 /* Assets.xcassets in Resources */ = {isa = PBXBuildFile; fileRef = 7194DDB11FCD6DD30078F118 /* Assets.xcassets */; };
		7194DDE91FCE76580078F118 /* Haptic.swift in Sources */ = {isa = PBXBuildFile; fileRef = 7194DDE81FCE76580078F118 /* Haptic.swift */; };
		71F021071FCF4FBA001B446C /* AboutViewController.swift in Sources */ = {isa = PBXBuildFile; fileRef = 71F021061FCF4FBA001B446C /* AboutViewController.swift */; };
/* End PBXBuildFile section */

/* Begin PBXContainerItemProxy section */
		7194DDDB1FCD74690078F118 /* PBXContainerItemProxy */ = {
			isa = PBXContainerItemProxy;
			containerPortal = 7194DD9F1FCD6DD20078F118 /* Project object */;
			proxyType = 1;
			remoteGlobalIDString = 7194DDD21FCD74690078F118;
			remoteInfo = "Kompare Action";
		};
/* End PBXContainerItemProxy section */

/* Begin PBXCopyFilesBuildPhase section */
		7194DDE11FCD74690078F118 /* Embed App Extensions */ = {
			isa = PBXCopyFilesBuildPhase;
			buildActionMask = 2147483647;
			dstPath = "";
			dstSubfolderSpec = 13;
			files = (
				7194DDDD1FCD74690078F118 /* Kompare Action.appex in Embed App Extensions */,
			);
			name = "Embed App Extensions";
			runOnlyForDeploymentPostprocessing = 0;
		};
/* End PBXCopyFilesBuildPhase section */

/* Begin PBXFileReference section */
		7194DDA71FCD6DD30078F118 /* Kompare.app */ = {isa = PBXFileReference; explicitFileType = wrapper.application; includeInIndex = 0; path = Kompare.app; sourceTree = BUILT_PRODUCTS_DIR; };
		7194DDAA1FCD6DD30078F118 /* AppDelegate.swift */ = {isa = PBXFileReference; lastKnownFileType = sourcecode.swift; path = AppDelegate.swift; sourceTree = "<group>"; };
		7194DDAC1FCD6DD30078F118 /* ViewController.swift */ = {isa = PBXFileReference; lastKnownFileType = sourcecode.swift; path = ViewController.swift; sourceTree = "<group>"; };
		7194DDAF1FCD6DD30078F118 /* Base */ = {isa = PBXFileReference; lastKnownFileType = file.storyboard; name = Base; path = Base.lproj/Main.storyboard; sourceTree = "<group>"; };
		7194DDB11FCD6DD30078F118 /* Assets.xcassets */ = {isa = PBXFileReference; lastKnownFileType = folder.assetcatalog; path = Assets.xcassets; sourceTree = "<group>"; };
		7194DDB41FCD6DD30078F118 /* Base */ = {isa = PBXFileReference; lastKnownFileType = file.storyboard; name = Base; path = Base.lproj/LaunchScreen.storyboard; sourceTree = "<group>"; };
		7194DDB61FCD6DD30078F118 /* Info.plist */ = {isa = PBXFileReference; lastKnownFileType = text.plist.xml; path = Info.plist; sourceTree = "<group>"; };
		7194DDD31FCD74690078F118 /* Kompare Action.appex */ = {isa = PBXFileReference; explicitFileType = "wrapper.app-extension"; includeInIndex = 0; path = "Kompare Action.appex"; sourceTree = BUILT_PRODUCTS_DIR; };
		7194DDD51FCD74690078F118 /* ActionViewController.swift */ = {isa = PBXFileReference; lastKnownFileType = sourcecode.swift; path = ActionViewController.swift; sourceTree = "<group>"; };
		7194DDD81FCD74690078F118 /* Base */ = {isa = PBXFileReference; lastKnownFileType = file.storyboard; name = Base; path = Base.lproj/MainInterface.storyboard; sourceTree = "<group>"; };
		7194DDDA1FCD74690078F118 /* Info.plist */ = {isa = PBXFileReference; lastKnownFileType = text.plist.xml; path = Info.plist; sourceTree = "<group>"; };
		7194DDE81FCE76580078F118 /* Haptic.swift */ = {isa = PBXFileReference; lastKnownFileType = sourcecode.swift; path = Haptic.swift; sourceTree = "<group>"; };
		71F021041FCF44C5001B446C /* Kompare.entitlements */ = {isa = PBXFileReference; lastKnownFileType = text.plist.entitlements; path = Kompare.entitlements; sourceTree = "<group>"; };
		71F021051FCF4532001B446C /* Kompare Action.entitlements */ = {isa = PBXFileReference; lastKnownFileType = text.plist.entitlements; path = "Kompare Action.entitlements"; sourceTree = "<group>"; };
		71F021061FCF4FBA001B446C /* AboutViewController.swift */ = {isa = PBXFileReference; lastKnownFileType = sourcecode.swift; path = AboutViewController.swift; sourceTree = "<group>"; };
/* End PBXFileReference section */

/* Begin PBXFrameworksBuildPhase section */
		7194DDA41FCD6DD30078F118 /* Frameworks */ = {
			isa = PBXFrameworksBuildPhase;
			buildActionMask = 2147483647;
			files = (
			);
			runOnlyForDeploymentPostprocessing = 0;
		};
		7194DDD01FCD74690078F118 /* Frameworks */ = {
			isa = PBXFrameworksBuildPhase;
			buildActionMask = 2147483647;
			files = (
			);
			runOnlyForDeploymentPostprocessing = 0;
		};
/* End PBXFrameworksBuildPhase section */

/* Begin PBXGroup section */
		7194DD9E1FCD6DD20078F118 = {
			isa = PBXGroup;
			children = (
				7194DDA91FCD6DD30078F118 /* Kompare */,
				7194DDD41FCD74690078F118 /* Kompare Action */,
				7194DDA81FCD6DD30078F118 /* Products */,
			);
			sourceTree = "<group>";
		};
		7194DDA81FCD6DD30078F118 /* Products */ = {
			isa = PBXGroup;
			children = (
				7194DDA71FCD6DD30078F118 /* Kompare.app */,
				7194DDD31FCD74690078F118 /* Kompare Action.appex */,
			);
			name = Products;
			sourceTree = "<group>";
		};
		7194DDA91FCD6DD30078F118 /* Kompare */ = {
			isa = PBXGroup;
			children = (
				71F021041FCF44C5001B446C /* Kompare.entitlements */,
				7194DDAA1FCD6DD30078F118 /* AppDelegate.swift */,
				7194DDAC1FCD6DD30078F118 /* ViewController.swift */,
				7194DDAE1FCD6DD30078F118 /* Main.storyboard */,
				71F021061FCF4FBA001B446C /* AboutViewController.swift */,
				7194DDB11FCD6DD30078F118 /* Assets.xcassets */,
				7194DDB31FCD6DD30078F118 /* LaunchScreen.storyboard */,
				7194DDB61FCD6DD30078F118 /* Info.plist */,
			);
			path = Kompare;
			sourceTree = "<group>";
		};
		7194DDD41FCD74690078F118 /* Kompare Action */ = {
			isa = PBXGroup;
			children = (
				71F021051FCF4532001B446C /* Kompare Action.entitlements */,
				7194DDD51FCD74690078F118 /* ActionViewController.swift */,
				7194DDD71FCD74690078F118 /* MainInterface.storyboard */,
				7194DDDA1FCD74690078F118 /* Info.plist */,
				7194DDE81FCE76580078F118 /* Haptic.swift */,
			);
			path = "Kompare Action";
			sourceTree = "<group>";
		};
/* End PBXGroup section */

/* Begin PBXNativeTarget section */
		7194DDA61FCD6DD30078F118 /* Kompare */ = {
			isa = PBXNativeTarget;
			buildConfigurationList = 7194DDB91FCD6DD30078F118 /* Build configuration list for PBXNativeTarget "Kompare" */;
			buildPhases = (
				7194DDA31FCD6DD30078F118 /* Sources */,
				7194DDA41FCD6DD30078F118 /* Frameworks */,
				7194DDA51FCD6DD30078F118 /* Resources */,
				7194DDE11FCD74690078F118 /* Embed App Extensions */,
			);
			buildRules = (
			);
			dependencies = (
				7194DDDC1FCD74690078F118 /* PBXTargetDependency */,
			);
			name = Kompare;
			productName = Kompare;
			productReference = 7194DDA71FCD6DD30078F118 /* Kompare.app */;
			productType = "com.apple.product-type.application";
		};
		7194DDD21FCD74690078F118 /* Kompare Action */ = {
			isa = PBXNativeTarget;
			buildConfigurationList = 7194DDE01FCD74690078F118 /* Build configuration list for PBXNativeTarget "Kompare Action" */;
			buildPhases = (
				7194DDCF1FCD74690078F118 /* Sources */,
				7194DDD01FCD74690078F118 /* Frameworks */,
				7194DDD11FCD74690078F118 /* Resources */,
			);
			buildRules = (
			);
			dependencies = (
			);
			name = "Kompare Action";
			productName = "Kompare Action";
			productReference = 7194DDD31FCD74690078F118 /* Kompare Action.appex */;
			productType = "com.apple.product-type.app-extension";
		};
/* End PBXNativeTarget section */

/* Begin PBXProject section */
		7194DD9F1FCD6DD20078F118 /* Project object */ = {
			isa = PBXProject;
			attributes = {
				LastSwiftUpdateCheck = 0910;
				LastUpgradeCheck = 0940;
				ORGANIZATIONNAME = Ray;
				TargetAttributes = {
					7194DDA61FCD6DD30078F118 = {
						CreatedOnToolsVersion = 9.1;
						LastSwiftMigration = 1000;
						ProvisioningStyle = Automatic;
						SystemCapabilities = {
							com.apple.ApplicationGroups.iOS = {
								enabled = 1;
							};
						};
					};
					7194DDD21FCD74690078F118 = {
						CreatedOnToolsVersion = 9.1;
						LastSwiftMigration = 1000;
						ProvisioningStyle = Automatic;
						SystemCapabilities = {
							com.apple.ApplicationGroups.iOS = {
								enabled = 1;
							};
						};
					};
				};
			};
			buildConfigurationList = 7194DDA21FCD6DD20078F118 /* Build configuration list for PBXProject "Kompare" */;
			compatibilityVersion = "Xcode 8.0";
			developmentRegion = en;
			hasScannedForEncodings = 0;
			knownRegions = (
				en,
				Base,
			);
			mainGroup = 7194DD9E1FCD6DD20078F118;
			productRefGroup = 7194DDA81FCD6DD30078F118 /* Products */;
			projectDirPath = "";
			projectRoot = "";
			targets = (
				7194DDA61FCD6DD30078F118 /* Kompare */,
				7194DDD21FCD74690078F118 /* Kompare Action */,
			);
		};
/* End PBXProject section */

/* Begin PBXResourcesBuildPhase section */
		7194DDA51FCD6DD30078F118 /* Resources */ = {
			isa = PBXResourcesBuildPhase;
			buildActionMask = 2147483647;
			files = (
				7194DDB51FCD6DD30078F118 /* LaunchScreen.storyboard in Resources */,
				7194DDB21FCD6DD30078F118 /* Assets.xcassets in Resources */,
				7194DDB01FCD6DD30078F118 /* Main.storyboard in Resources */,
			);
			runOnlyForDeploymentPostprocessing = 0;
		};
		7194DDD11FCD74690078F118 /* Resources */ = {
			isa = PBXResourcesBuildPhase;
			buildActionMask = 2147483647;
			files = (
				7194DDE21FCE63B00078F118 /* Assets.xcassets in Resources */,
				7194DDD91FCD74690078F118 /* MainInterface.storyboard in Resources */,
			);
			runOnlyForDeploymentPostprocessing = 0;
		};
/* End PBXResourcesBuildPhase section */

/* Begin PBXSourcesBuildPhase section */
		7194DDA31FCD6DD30078F118 /* Sources */ = {
			isa = PBXSourcesBuildPhase;
			buildActionMask = 2147483647;
			files = (
				71F021071FCF4FBA001B446C /* AboutViewController.swift in Sources */,
				7194DDAD1FCD6DD30078F118 /* ViewController.swift in Sources */,
				7194DDAB1FCD6DD30078F118 /* AppDelegate.swift in Sources */,
			);
			runOnlyForDeploymentPostprocessing = 0;
		};
		7194DDCF1FCD74690078F118 /* Sources */ = {
			isa = PBXSourcesBuildPhase;
			buildActionMask = 2147483647;
			files = (
				7194DDE91FCE76580078F118 /* Haptic.swift in Sources */,
				7194DDD61FCD74690078F118 /* ActionViewController.swift in Sources */,
			);
			runOnlyForDeploymentPostprocessing = 0;
		};
/* End PBXSourcesBuildPhase section */

/* Begin PBXTargetDependency section */
		7194DDDC1FCD74690078F118 /* PBXTargetDependency */ = {
			isa = PBXTargetDependency;
			target = 7194DDD21FCD74690078F118 /* Kompare Action */;
			targetProxy = 7194DDDB1FCD74690078F118 /* PBXContainerItemProxy */;
		};
/* End PBXTargetDependency section */

/* Begin PBXVariantGroup section */
		7194DDAE1FCD6DD30078F118 /* Main.storyboard */ = {
			isa = PBXVariantGroup;
			children = (
				7194DDAF1FCD6DD30078F118 /* Base */,
			);
			name = Main.storyboard;
			sourceTree = "<group>";
		};
		7194DDB31FCD6DD30078F118 /* LaunchScreen.storyboard */ = {
			isa = PBXVariantGroup;
			children = (
				7194DDB41FCD6DD30078F118 /* Base */,
			);
			name = LaunchScreen.storyboard;
			sourceTree = "<group>";
		};
		7194DDD71FCD74690078F118 /* MainInterface.storyboard */ = {
			isa = PBXVariantGroup;
			children = (
				7194DDD81FCD74690078F118 /* Base */,
			);
			name = MainInterface.storyboard;
			sourceTree = "<group>";
		};
/* End PBXVariantGroup section */

/* Begin XCBuildConfiguration section */
		7194DDB71FCD6DD30078F118 /* Debug */ = {
			isa = XCBuildConfiguration;
			buildSettings = {
				ALWAYS_SEARCH_USER_PATHS = NO;
				CLANG_ANALYZER_NONNULL = YES;
				CLANG_ANALYZER_NUMBER_OBJECT_CONVERSION = YES_AGGRESSIVE;
				CLANG_CXX_LANGUAGE_STANDARD = "gnu++14";
				CLANG_CXX_LIBRARY = "libc++";
				CLANG_ENABLE_MODULES = YES;
				CLANG_ENABLE_OBJC_ARC = YES;
				CLANG_WARN_BLOCK_CAPTURE_AUTORELEASING = YES;
				CLANG_WARN_BOOL_CONVERSION = YES;
				CLANG_WARN_COMMA = YES;
				CLANG_WARN_CONSTANT_CONVERSION = YES;
				CLANG_WARN_DEPRECATED_OBJC_IMPLEMENTATIONS = YES;
				CLANG_WARN_DIRECT_OBJC_ISA_USAGE = YES_ERROR;
				CLANG_WARN_DOCUMENTATION_COMMENTS = YES;
				CLANG_WARN_EMPTY_BODY = YES;
				CLANG_WARN_ENUM_CONVERSION = YES;
				CLANG_WARN_INFINITE_RECURSION = YES;
				CLANG_WARN_INT_CONVERSION = YES;
				CLANG_WARN_NON_LITERAL_NULL_CONVERSION = YES;
				CLANG_WARN_OBJC_IMPLICIT_RETAIN_SELF = YES;
				CLANG_WARN_OBJC_LITERAL_CONVERSION = YES;
				CLANG_WARN_OBJC_ROOT_CLASS = YES_ERROR;
				CLANG_WARN_RANGE_LOOP_ANALYSIS = YES;
				CLANG_WARN_STRICT_PROTOTYPES = YES;
				CLANG_WARN_SUSPICIOUS_MOVE = YES;
				CLANG_WARN_UNGUARDED_AVAILABILITY = YES_AGGRESSIVE;
				CLANG_WARN_UNREACHABLE_CODE = YES;
				CLANG_WARN__DUPLICATE_METHOD_MATCH = YES;
				CODE_SIGN_IDENTITY = "iPhone Developer";
				COPY_PHASE_STRIP = NO;
				DEBUG_INFORMATION_FORMAT = dwarf;
				ENABLE_STRICT_OBJC_MSGSEND = YES;
				ENABLE_TESTABILITY = YES;
				GCC_C_LANGUAGE_STANDARD = gnu11;
				GCC_DYNAMIC_NO_PIC = NO;
				GCC_NO_COMMON_BLOCKS = YES;
				GCC_OPTIMIZATION_LEVEL = 0;
				GCC_PREPROCESSOR_DEFINITIONS = (
					"DEBUG=1",
					"$(inherited)",
				);
				GCC_WARN_64_TO_32_BIT_CONVERSION = YES;
				GCC_WARN_ABOUT_RETURN_TYPE = YES_ERROR;
				GCC_WARN_UNDECLARED_SELECTOR = YES;
				GCC_WARN_UNINITIALIZED_AUTOS = YES_AGGRESSIVE;
				GCC_WARN_UNUSED_FUNCTION = YES;
				GCC_WARN_UNUSED_VARIABLE = YES;
				IPHONEOS_DEPLOYMENT_TARGET = 11.1;
				MTL_ENABLE_DEBUG_INFO = YES;
				ONLY_ACTIVE_ARCH = YES;
				SDKROOT = iphoneos;
				SWIFT_ACTIVE_COMPILATION_CONDITIONS = DEBUG;
				SWIFT_OPTIMIZATION_LEVEL = "-Onone";
			};
			name = Debug;
		};
		7194DDB81FCD6DD30078F118 /* Release */ = {
			isa = XCBuildConfiguration;
			buildSettings = {
				ALWAYS_SEARCH_USER_PATHS = NO;
				CLANG_ANALYZER_NONNULL = YES;
				CLANG_ANALYZER_NUMBER_OBJECT_CONVERSION = YES_AGGRESSIVE;
				CLANG_CXX_LANGUAGE_STANDARD = "gnu++14";
				CLANG_CXX_LIBRARY = "libc++";
				CLANG_ENABLE_MODULES = YES;
				CLANG_ENABLE_OBJC_ARC = YES;
				CLANG_WARN_BLOCK_CAPTURE_AUTORELEASING = YES;
				CLANG_WARN_BOOL_CONVERSION = YES;
				CLANG_WARN_COMMA = YES;
				CLANG_WARN_CONSTANT_CONVERSION = YES;
				CLANG_WARN_DEPRECATED_OBJC_IMPLEMENTATIONS = YES;
				CLANG_WARN_DIRECT_OBJC_ISA_USAGE = YES_ERROR;
				CLANG_WARN_DOCUMENTATION_COMMENTS = YES;
				CLANG_WARN_EMPTY_BODY = YES;
				CLANG_WARN_ENUM_CONVERSION = YES;
				CLANG_WARN_INFINITE_RECURSION = YES;
				CLANG_WARN_INT_CONVERSION = YES;
				CLANG_WARN_NON_LITERAL_NULL_CONVERSION = YES;
				CLANG_WARN_OBJC_IMPLICIT_RETAIN_SELF = YES;
				CLANG_WARN_OBJC_LITERAL_CONVERSION = YES;
				CLANG_WARN_OBJC_ROOT_CLASS = YES_ERROR;
				CLANG_WARN_RANGE_LOOP_ANALYSIS = YES;
				CLANG_WARN_STRICT_PROTOTYPES = YES;
				CLANG_WARN_SUSPICIOUS_MOVE = YES;
				CLANG_WARN_UNGUARDED_AVAILABILITY = YES_AGGRESSIVE;
				CLANG_WARN_UNREACHABLE_CODE = YES;
				CLANG_WARN__DUPLICATE_METHOD_MATCH = YES;
				CODE_SIGN_IDENTITY = "iPhone Developer";
				COPY_PHASE_STRIP = NO;
				DEBUG_INFORMATION_FORMAT = "dwarf-with-dsym";
				ENABLE_NS_ASSERTIONS = NO;
				ENABLE_STRICT_OBJC_MSGSEND = YES;
				GCC_C_LANGUAGE_STANDARD = gnu11;
				GCC_NO_COMMON_BLOCKS = YES;
				GCC_WARN_64_TO_32_BIT_CONVERSION = YES;
				GCC_WARN_ABOUT_RETURN_TYPE = YES_ERROR;
				GCC_WARN_UNDECLARED_SELECTOR = YES;
				GCC_WARN_UNINITIALIZED_AUTOS = YES_AGGRESSIVE;
				GCC_WARN_UNUSED_FUNCTION = YES;
				GCC_WARN_UNUSED_VARIABLE = YES;
				IPHONEOS_DEPLOYMENT_TARGET = 11.1;
				MTL_ENABLE_DEBUG_INFO = NO;
				SDKROOT = iphoneos;
				SWIFT_OPTIMIZATION_LEVEL = "-Owholemodule";
				VALIDATE_PRODUCT = YES;
			};
			name = Release;
		};
		7194DDBA1FCD6DD30078F118 /* Debug */ = {
			isa = XCBuildConfiguration;
			buildSettings = {
				ALWAYS_EMBED_SWIFT_STANDARD_LIBRARIES = YES;
				ASSETCATALOG_COMPILER_APPICON_NAME = AppIcon;
				CODE_SIGN_ENTITLEMENTS = Kompare/Kompare.entitlements;
				CODE_SIGN_STYLE = Automatic;
				DEVELOPMENT_TEAM = MGAF98TG33;
				INFOPLIST_FILE = Kompare/Info.plist;
				LD_RUNPATH_SEARCH_PATHS = "$(inherited) @executable_path/Frameworks";
				PRODUCT_BUNDLE_IDENTIFIER = com.rayps.Kompare;
				PRODUCT_NAME = "$(TARGET_NAME)";
				SWIFT_VERSION = 4.2;
				TARGETED_DEVICE_FAMILY = "1,2";
			};
			name = Debug;
		};
		7194DDBB1FCD6DD30078F118 /* Release */ = {
			isa = XCBuildConfiguration;
			buildSettings = {
				ALWAYS_EMBED_SWIFT_STANDARD_LIBRARIES = YES;
				ASSETCATALOG_COMPILER_APPICON_NAME = AppIcon;
				CODE_SIGN_ENTITLEMENTS = Kompare/Kompare.entitlements;
				CODE_SIGN_STYLE = Automatic;
				DEVELOPMENT_TEAM = MGAF98TG33;
				INFOPLIST_FILE = Kompare/Info.plist;
				LD_RUNPATH_SEARCH_PATHS = "$(inherited) @executable_path/Frameworks";
				PRODUCT_BUNDLE_IDENTIFIER = com.rayps.Kompare;
				PRODUCT_NAME = "$(TARGET_NAME)";
				SWIFT_VERSION = 4.2;
				TARGETED_DEVICE_FAMILY = "1,2";
			};
			name = Release;
		};
		7194DDDE1FCD74690078F118 /* Debug */ = {
			isa = XCBuildConfiguration;
			buildSettings = {
				ASSETCATALOG_COMPILER_APPICON_NAME = ExtensionIcon;
				CODE_SIGN_ENTITLEMENTS = "Kompare Action/Kompare Action.entitlements";
				CODE_SIGN_STYLE = Automatic;
				DEVELOPMENT_TEAM = MGAF98TG33;
				INFOPLIST_FILE = "Kompare Action/Info.plist";
				IPHONEOS_DEPLOYMENT_TARGET = 10.0;
				LD_RUNPATH_SEARCH_PATHS = "$(inherited) @executable_path/Frameworks @executable_path/../../Frameworks";
				PRODUCT_BUNDLE_IDENTIFIER = "com.rayps.Kompare.Kompare-Action";
				PRODUCT_NAME = "$(TARGET_NAME)";
				SKIP_INSTALL = YES;
				SWIFT_VERSION = 4.2;
				TARGETED_DEVICE_FAMILY = "1,2";
			};
			name = Debug;
		};
		7194DDDF1FCD74690078F118 /* Release */ = {
			isa = XCBuildConfiguration;
			buildSettings = {
				ASSETCATALOG_COMPILER_APPICON_NAME = ExtensionIcon;
				CODE_SIGN_ENTITLEMENTS = "Kompare Action/Kompare Action.entitlements";
				CODE_SIGN_STYLE = Automatic;
				DEVELOPMENT_TEAM = MGAF98TG33;
				INFOPLIST_FILE = "Kompare Action/Info.plist";
				IPHONEOS_DEPLOYMENT_TARGET = 10.0;
				LD_RUNPATH_SEARCH_PATHS = "$(inherited) @executable_path/Frameworks @executable_path/../../Frameworks";
				PRODUCT_BUNDLE_IDENTIFIER = "com.rayps.Kompare.Kompare-Action";
				PRODUCT_NAME = "$(TARGET_NAME)";
				SKIP_INSTALL = YES;
				SWIFT_VERSION = 4.2;
				TARGETED_DEVICE_FAMILY = "1,2";
			};
			name = Release;
		};
/* End XCBuildConfiguration section */

/* Begin XCConfigurationList section */
		7194DDA21FCD6DD20078F118 /* Build configuration list for PBXProject "Kompare" */ = {
			isa = XCConfigurationList;
			buildConfigurations = (
				7194DDB71FCD6DD30078F118 /* Debug */,
				7194DDB81FCD6DD30078F118 /* Release */,
			);
			defaultConfigurationIsVisible = 0;
			defaultConfigurationName = Release;
		};
		7194DDB91FCD6DD30078F118 /* Build configuration list for PBXNativeTarget "Kompare" */ = {
			isa = XCConfigurationList;
			buildConfigurations = (
				7194DDBA1FCD6DD30078F118 /* Debug */,
				7194DDBB1FCD6DD30078F118 /* Release */,
			);
			defaultConfigurationIsVisible = 0;
			defaultConfigurationName = Release;
		};
		7194DDE01FCD74690078F118 /* Build configuration list for PBXNativeTarget "Kompare Action" */ = {
			isa = XCConfigurationList;
			buildConfigurations = (
				7194DDDE1FCD74690078F118 /* Debug */,
				7194DDDF1FCD74690078F118 /* Release */,
			);
			defaultConfigurationIsVisible = 0;
			defaultConfigurationName = Release;
		};
/* End XCConfigurationList section */
	};
	rootObject = 7194DD9F1FCD6DD20078F118 /* Project object */;
}
